cloudpickle==2.0.0
fs==2.4.14
huggingface_hub==0.1.2
joblib==1.1.0
pandas==1.3.4
pathspec==0.9.0
Pillow==8.4.0
starlette==0.17.1
transformers==4.12.5
xgboost==1.5.1
PyYAML==6.0
onnx==1.9.0
tensorflow==2.7.0
torch==1.10.0+cu113
python_multipart==0.0.5
deepmerge==0.3.0
circus==0.17.1
importlib_metadata==4.8.2
lightgbm==3.3.1
mlflow==1.21.0
paddlepaddle==2.2.0
statsmodels==0.12.2
tensorflow_hub==0.12.0
